
Microsoft Visual Studio Solution File, Format Version 12.00
# Visual Studio Version 16
VisualStudioVersion = 16.0.32228.343
MinimumVisualStudioVersion = 10.0.40219.1
Project("{FAE04EC0-301F-11D3-BF4B-00C04F79EFBC}") = "Player", "Player\Player.csproj", "{305D9F1B-6FA0-4858-B299-282A6417B186}"
EndProject
Global
	GlobalSection(SolutionConfigurationPlatforms) = preSolution
		Debug|Any CPU = Debug|Any CPU
		Release|Any CPU = Release|Any CPU
	EndGlobalSection
	GlobalSection(ProjectConfigurationPlatforms) = postSolution
		{305D9F1B-6FA0-4858-B299-282A6417B186}.Debug|Any CPU.ActiveCfg = Debug|Any CPU
		{305D9F1B-6FA0-4858-B299-282A6417B186}.Debug|Any CPU.Build.0 = Debug|Any CPU
		{305D9F1B-6FA0-4858-B299-282A6417B186}.Release|Any CPU.ActiveCfg = Release|Any CPU
		{305D9F1B-6FA0-4858-B299-282A6417B186}.Release|Any CPU.Build.0 = Release|Any CPU
	EndGlobalSection
	GlobalSection(SolutionProperties) = preSolution
		HideSolutionNode = FALSE
	EndGlobalSection
	GlobalSection(ExtensibilityGlobals) = postSolution
		SolutionGuid = {66CE5F7B-755D-4C4E-ADF0-CA8E925E626A}
	EndGlobalSection
EndGlobal
